# GENERATED FILE - DO NOT EDIT DIRECTLY
schema_version: 1

bundle:
  version: "0.9.7-dev"
  release_sequence: 0
  source_tree_digest: "sha256:6944618359758df76e230e0ba2edc12f342944d25479d445884231d4a3fc8cb1"
  digest: "sha256:a20c747fe64dd97e38cf46c2ea0696cc7ab024d1df16316f84b0d05916de7482"

projection:
  input_digest: "sha256:00e36b02ab2c89758bf9320f548b893ef9cffcb02a3d136fbb9edeb55da2a425"
  output_digest: "sha256:ea48210f66cf11a6904e529b3fd4961c23722c91a83728a760019a19c5a6b904"
  files:
    - path: ".claude/CLAUDE.md"
      digest: "sha256:68885b0be76f4f3c4e4ad98f966358eabeebb6a5434f3ac6619f88813a1d985d"
    - path: ".gds/compiled-policy.json"
      digest: "sha256:4eca66006dd379b1af95df0fa3d464b3765c07f80a097584e979ddbd72622ca8"
    - path: "AGENTS.md"
      digest: "sha256:430f41c3f315ddad8d55fa729163f7b21b8c71df3955516944fed3dcd19d56ba"
